
Microsoft Visual Studio Solution File, Format Version 12.00
# Visual Studio 15
VisualStudioVersion = 15.0.28010.2026
MinimumVisualStudioVersion = 10.0.40219.1
Project("{FAE04EC0-301F-11D3-BF4B-00C04F79EFBC}") = "WebApplication1", "WebApplication1\WebApplication1.csproj", "{A61B7660-FC07-48F2-BC86-476105FD83B8}"
EndProject
Global
	GlobalSection(SolutionConfigurationPlatforms) = preSolution
		Debug|Any CPU = Debug|Any CPU
		Release|Any CPU = Release|Any CPU
	EndGlobalSection
	GlobalSection(ProjectConfigurationPlatforms) = postSolution
		{A61B7660-FC07-48F2-BC86-476105FD83B8}.Debug|Any CPU.ActiveCfg = Debug|Any CPU
		{A61B7660-FC07-48F2-BC86-476105FD83B8}.Debug|Any CPU.Build.0 = Debug|Any CPU
		{A61B7660-FC07-48F2-BC86-476105FD83B8}.Release|Any CPU.ActiveCfg = Release|Any CPU
		{A61B7660-FC07-48F2-BC86-476105FD83B8}.Release|Any CPU.Build.0 = Release|Any CPU
	EndGlobalSection
	GlobalSection(SolutionProperties) = preSolution
		HideSolutionNode = FALSE
	EndGlobalSection
	GlobalSection(ExtensibilityGlobals) = postSolution
		SolutionGuid = {5F5891F1-99B9-4BB8-91F2-986AF0AB1D6B}
	EndGlobalSection
EndGlobal
